
Microsoft Visual Studio Solution File, Format Version 12.00
# Visual Studio 15
Project("{FAE04EC0-301F-11D3-BF4B-00C04F79EFBC}") = "Assembly-CSharp", "Assembly-CSharp.csproj", "{4BDC93A1-4807-8E01-83A9-0A0861A9B5E8}"
EndProject
Project("{FAE04EC0-301F-11D3-BF4B-00C04F79EFBC}") = "Assembly-CSharp-firstpass", "Assembly-CSharp-firstpass.csproj", "{95BD4F36-67B7-3776-8E60-0C273C6F3502}"
EndProject
Global
	GlobalSection(SolutionConfigurationPlatforms) = preSolution
		Debug|Any CPU = Debug|Any CPU
		Release|Any CPU = Release|Any CPU
	EndGlobalSection
	GlobalSection(ProjectConfigurationPlatforms) = postSolution
		{4BDC93A1-4807-8E01-83A9-0A0861A9B5E8}.Debug|Any CPU.ActiveCfg = Debug|Any CPU
		{4BDC93A1-4807-8E01-83A9-0A0861A9B5E8}.Debug|Any CPU.Build.0 = Debug|Any CPU
		{4BDC93A1-4807-8E01-83A9-0A0861A9B5E8}.Release|Any CPU.ActiveCfg = Release|Any CPU
		{4BDC93A1-4807-8E01-83A9-0A0861A9B5E8}.Release|Any CPU.Build.0 = Release|Any CPU
		{95BD4F36-67B7-3776-8E60-0C273C6F3502}.Debug|Any CPU.ActiveCfg = Debug|Any CPU
		{95BD4F36-67B7-3776-8E60-0C273C6F3502}.Debug|Any CPU.Build.0 = Debug|Any CPU
		{95BD4F36-67B7-3776-8E60-0C273C6F3502}.Release|Any CPU.ActiveCfg = Release|Any CPU
		{95BD4F36-67B7-3776-8E60-0C273C6F3502}.Release|Any CPU.Build.0 = Release|Any CPU
	EndGlobalSection
	GlobalSection(SolutionProperties) = preSolution
		HideSolutionNode = FALSE
	EndGlobalSection
EndGlobal
